
Microsoft Visual Studio Solution File, Format Version 12.00
# Visual Studio 15
VisualStudioVersion = 15.0.28307.572
MinimumVisualStudioVersion = 10.0.40219.1
Project("{FAE04EC0-301F-11D3-BF4B-00C04F79EFBC}") = "Otobus", "Otobus\Otobus.csproj", "{7C8EB9BA-E285-4890-9688-D28E5EB21AD1}"
EndProject
Global
	GlobalSection(SolutionConfigurationPlatforms) = preSolution
		Debug|Any CPU = Debug|Any CPU
		Release|Any CPU = Release|Any CPU
	EndGlobalSection
	GlobalSection(ProjectConfigurationPlatforms) = postSolution
		{7C8EB9BA-E285-4890-9688-D28E5EB21AD1}.Debug|Any CPU.ActiveCfg = Debug|Any CPU
		{7C8EB9BA-E285-4890-9688-D28E5EB21AD1}.Debug|Any CPU.Build.0 = Debug|Any CPU
		{7C8EB9BA-E285-4890-9688-D28E5EB21AD1}.Release|Any CPU.ActiveCfg = Release|Any CPU
		{7C8EB9BA-E285-4890-9688-D28E5EB21AD1}.Release|Any CPU.Build.0 = Release|Any CPU
	EndGlobalSection
	GlobalSection(SolutionProperties) = preSolution
		HideSolutionNode = FALSE
	EndGlobalSection
	GlobalSection(ExtensibilityGlobals) = postSolution
		SolutionGuid = {DB5EEF34-CDE5-42C3-8A3D-E8F9889BCB81}
	EndGlobalSection
EndGlobal
